
Microsoft Visual Studio Solution File, Format Version 12.00
# Visual Studio Version 16
VisualStudioVersion = 16.0.30011.22
MinimumVisualStudioVersion = 10.0.40219.1
Project("{9A19103F-16F7-4668-BE54-9A1E7A4F7556}") = "YogaMo.WebAPI", "YogaMo.WebAPI\YogaMo.WebAPI.csproj", "{A5AC755A-01BB-4B86-8C81-D337717DCA22}"
EndProject
Project("{9A19103F-16F7-4668-BE54-9A1E7A4F7556}") = "YogaMo.Model", "YogaMo.Model\YogaMo.Model.csproj", "{D009B01D-7C65-4BEB-A85E-D8410A3E6232}"
EndProject
Project("{2150E333-8FDC-42A3-9474-1A3956D46DE8}") = "UI", "UI", "{1839BC0F-0746-4357-9C25-C1BAFC68C00A}"
EndProject
Project("{FAE04EC0-301F-11D3-BF4B-00C04F79EFBC}") = "YogaMo.WinUI", "YogaMo.WinUI\YogaMo.WinUI.csproj", "{DEE2D761-D16A-41FE-88D9-7D933CF2BF5E}"
EndProject
Project("{FAE04EC0-301F-11D3-BF4B-00C04F79EFBC}") = "YogaMo.Mobile.UWP", "YogaMo.Mobile\YogaMo.Mobile.UWP\YogaMo.Mobile.UWP.csproj", "{9CE8C38E-351D-4C5B-8C00-CFC733806E66}"
EndProject
Project("{FAE04EC0-301F-11D3-BF4B-00C04F79EFBC}") = "YogaMo.Mobile.Android", "YogaMo.Mobile\YogaMo.Mobile.Android\YogaMo.Mobile.Android.csproj", "{0016861B-C897-4D08-A78D-A744043153BB}"
EndProject
Project("{FAE04EC0-301F-11D3-BF4B-00C04F79EFBC}") = "YogaMo.Mobile", "YogaMo.Mobile\YogaMo.Mobile\YogaMo.Mobile.csproj", "{06BBAC51-B875-4A7E-BF1A-27B6835499BF}"
EndProject
Global
	GlobalSection(SolutionConfigurationPlatforms) = preSolution
		Debug|Any CPU = Debug|Any CPU
		Debug|ARM = Debug|ARM
		Debug|iPhone = Debug|iPhone
		Debug|iPhoneSimulator = Debug|iPhoneSimulator
		Debug|x64 = Debug|x64
		Debug|x86 = Debug|x86
		Release|Any CPU = Release|Any CPU
		Release|ARM = Release|ARM
		Release|iPhone = Release|iPhone
		Release|iPhoneSimulator = Release|iPhoneSimulator
		Release|x64 = Release|x64
		Release|x86 = Release|x86
	EndGlobalSection
	GlobalSection(ProjectConfigurationPlatforms) = postSolution
		{A5AC755A-01BB-4B86-8C81-D337717DCA22}.Debug|Any CPU.ActiveCfg = Debug|Any CPU
		{A5AC755A-01BB-4B86-8C81-D337717DCA22}.Debug|Any CPU.Build.0 = Debug|Any CPU
		{A5AC755A-01BB-4B86-8C81-D337717DCA22}.Debug|ARM.ActiveCfg = Debug|Any CPU
		{A5AC755A-01BB-4B86-8C81-D337717DCA22}.Debug|ARM.Build.0 = Debug|Any CPU
		{A5AC755A-01BB-4B86-8C81-D337717DCA22}.Debug|iPhone.ActiveCfg = Debug|Any CPU
		{A5AC755A-01BB-4B86-8C81-D337717DCA22}.Debug|iPhone.Build.0 = Debug|Any CPU
		{A5AC755A-01BB-4B86-8C81-D337717DCA22}.Debug|iPhoneSimulator.ActiveCfg = Debug|Any CPU
		{A5AC755A-01BB-4B86-8C81-D337717DCA22}.Debug|iPhoneSimulator.Build.0 = Debug|Any CPU
		{A5AC755A-01BB-4B86-8C81-D337717DCA22}.Debug|x64.ActiveCfg = Debug|Any CPU
		{A5AC755A-01BB-4B86-8C81-D337717DCA22}.Debug|x64.Build.0 = Debug|Any CPU
		{A5AC755A-01BB-4B86-8C81-D337717DCA22}.Debug|x86.ActiveCfg = Debug|Any CPU
		{A5AC755A-01BB-4B86-8C81-D337717DCA22}.Debug|x86.Build.0 = Debug|Any CPU
		{A5AC755A-01BB-4B86-8C81-D337717DCA22}.Release|Any CPU.ActiveCfg = Release|Any CPU
		{A5AC755A-01BB-4B86-8C81-D337717DCA22}.Release|Any CPU.Build.0 = Release|Any CPU
		{A5AC755A-01BB-4B86-8C81-D337717DCA22}.Release|ARM.ActiveCfg = Release|Any CPU
		{A5AC755A-01BB-4B86-8C81-D337717DCA22}.Release|ARM.Build.0 = Release|Any CPU
		{A5AC755A-01BB-4B86-8C81-D337717DCA22}.Release|iPhone.ActiveCfg = Release|Any CPU
		{A5AC755A-01BB-4B86-8C81-D337717DCA22}.Release|iPhone.Build.0 = Release|Any CPU
		{A5AC755A-01BB-4B86-8C81-D337717DCA22}.Release|iPhoneSimulator.ActiveCfg = Release|Any CPU
		{A5AC755A-01BB-4B86-8C81-D337717DCA22}.Release|iPhoneSimulator.Build.0 = Release|Any CPU
		{A5AC755A-01BB-4B86-8C81-D337717DCA22}.Release|x64.ActiveCfg = Release|Any CPU
		{A5AC755A-01BB-4B86-8C81-D337717DCA22}.Release|x64.Build.0 = Release|Any CPU
		{A5AC755A-01BB-4B86-8C81-D337717DCA22}.Release|x86.ActiveCfg = Release|Any CPU
		{A5AC755A-01BB-4B86-8C81-D337717DCA22}.Release|x86.Build.0 = Release|Any CPU
		{D009B01D-7C65-4BEB-A85E-D8410A3E6232}.Debug|Any CPU.ActiveCfg = Debug|Any CPU
		{D009B01D-7C65-4BEB-A85E-D8410A3E6232}.Debug|Any CPU.Build.0 = Debug|Any CPU
		{D009B01D-7C65-4BEB-A85E-D8410A3E6232}.Debug|ARM.ActiveCfg = Debug|Any CPU
		{D009B01D-7C65-4BEB-A85E-D8410A3E6232}.Debug|ARM.Build.0 = Debug|Any CPU
		{D009B01D-7C65-4BEB-A85E-D8410A3E6232}.Debug|iPhone.ActiveCfg = Debug|Any CPU
		{D009B01D-7C65-4BEB-A85E-D8410A3E6232}.Debug|iPhone.Build.0 = Debug|Any CPU
		{D009B01D-7C65-4BEB-A85E-D8410A3E6232}.Debug|iPhoneSimulator.ActiveCfg = Debug|Any CPU
		{D009B01D-7C65-4BEB-A85E-D8410A3E6232}.Debug|iPhoneSimulator.Build.0 = Debug|Any CPU
		{D009B01D-7C65-4BEB-A85E-D8410A3E6232}.Debug|x64.ActiveCfg = Debug|Any CPU
		{D009B01D-7C65-4BEB-A85E-D8410A3E6232}.Debug|x64.Build.0 = Debug|Any CPU
		{D009B01D-7C65-4BEB-A85E-D8410A3E6232}.Debug|x86.ActiveCfg = Debug|Any CPU
		{D009B01D-7C65-4BEB-A85E-D8410A3E6232}.Debug|x86.Build.0 = Debug|Any CPU
		{D009B01D-7C65-4BEB-A85E-D8410A3E6232}.Release|Any CPU.ActiveCfg = Release|Any CPU
		{D009B01D-7C65-4BEB-A85E-D8410A3E6232}.Release|Any CPU.Build.0 = Release|Any CPU
		{D009B01D-7C65-4BEB-A85E-D8410A3E6232}.Release|ARM.ActiveCfg = Release|Any CPU
		{D009B01D-7C65-4BEB-A85E-D8410A3E6232}.Release|ARM.Build.0 = Release|Any CPU
		{D009B01D-7C65-4BEB-A85E-D8410A3E6232}.Release|iPhone.ActiveCfg = Release|Any CPU
		{D009B01D-7C65-4BEB-A85E-D8410A3E6232}.Release|iPhone.Build.0 = Release|Any CPU
		{D009B01D-7C65-4BEB-A85E-D8410A3E6232}.Release|iPhoneSimulator.ActiveCfg = Release|Any CPU
		{D009B01D-7C65-4BEB-A85E-D8410A3E6232}.Release|iPhoneSimulator.Build.0 = Release|Any CPU
		{D009B01D-7C65-4BEB-A85E-D8410A3E6232}.Release|x64.ActiveCfg = Release|Any CPU
		{D009B01D-7C65-4BEB-A85E-D8410A3E6232}.Release|x64.Build.0 = Release|Any CPU
		{D009B01D-7C65-4BEB-A85E-D8410A3E6232}.Release|x86.ActiveCfg = Release|Any CPU
		{D009B01D-7C65-4BEB-A85E-D8410A3E6232}.Release|x86.Build.0 = Release|Any CPU
		{DEE2D761-D16A-41FE-88D9-7D933CF2BF5E}.Debug|Any CPU.ActiveCfg = Debug|Any CPU
		{DEE2D761-D16A-41FE-88D9-7D933CF2BF5E}.Debug|Any CPU.Build.0 = Debug|Any CPU
		{DEE2D761-D16A-41FE-88D9-7D933CF2BF5E}.Debug|ARM.ActiveCfg = Debug|Any CPU
		{DEE2D761-D16A-41FE-88D9-7D933CF2BF5E}.Debug|ARM.Build.0 = Debug|Any CPU
		{DEE2D761-D16A-41FE-88D9-7D933CF2BF5E}.Debug|iPhone.ActiveCfg = Debug|Any CPU
		{DEE2D761-D16A-41FE-88D9-7D933CF2BF5E}.Debug|iPhone.Build.0 = Debug|Any CPU
		{DEE2D761-D16A-41FE-88D9-7D933CF2BF5E}.Debug|iPhoneSimulator.ActiveCfg = Debug|Any CPU
		{DEE2D761-D16A-41FE-88D9-7D933CF2BF5E}.Debug|iPhoneSimulator.Build.0 = Debug|Any CPU
		{DEE2D761-D16A-41FE-88D9-7D933CF2BF5E}.Debug|x64.ActiveCfg = Debug|Any CPU
		{DEE2D761-D16A-41FE-88D9-7D933CF2BF5E}.Debug|x64.Build.0 = Debug|Any CPU
		{DEE2D761-D16A-41FE-88D9-7D933CF2BF5E}.Debug|x86.ActiveCfg = Debug|Any CPU
		{DEE2D761-D16A-41FE-88D9-7D933CF2BF5E}.Debug|x86.Build.0 = Debug|Any CPU
		{DEE2D761-D16A-41FE-88D9-7D933CF2BF5E}.Release|Any CPU.ActiveCfg = Release|Any CPU
		{DEE2D761-D16A-41FE-88D9-7D933CF2BF5E}.Release|Any CPU.Build.0 = Release|Any CPU
		{DEE2D761-D16A-41FE-88D9-7D933CF2BF5E}.Release|ARM.ActiveCfg = Release|Any CPU
		{DEE2D761-D16A-41FE-88D9-7D933CF2BF5E}.Release|ARM.Build.0 = Release|Any CPU
		{DEE2D761-D16A-41FE-88D9-7D933CF2BF5E}.Release|iPhone.ActiveCfg = Release|Any CPU
		{DEE2D761-D16A-41FE-88D9-7D933CF2BF5E}.Release|iPhone.Build.0 = Release|Any CPU
		{DEE2D761-D16A-41FE-88D9-7D933CF2BF5E}.Release|iPhoneSimulator.ActiveCfg = Release|Any CPU
		{DEE2D761-D16A-41FE-88D9-7D933CF2BF5E}.Release|iPhoneSimulator.Build.0 = Release|Any CPU
		{DEE2D761-D16A-41FE-88D9-7D933CF2BF5E}.Release|x64.ActiveCfg = Release|Any CPU
		{DEE2D761-D16A-41FE-88D9-7D933CF2BF5E}.Release|x64.Build.0 = Release|Any CPU
		{DEE2D761-D16A-41FE-88D9-7D933CF2BF5E}.Release|x86.ActiveCfg = Release|Any CPU
		{DEE2D761-D16A-41FE-88D9-7D933CF2BF5E}.Release|x86.Build.0 = Release|Any CPU
		{9CE8C38E-351D-4C5B-8C00-CFC733806E66}.Debug|Any CPU.ActiveCfg = Debug|x86
		{9CE8C38E-351D-4C5B-8C00-CFC733806E66}.Debug|ARM.ActiveCfg = Debug|ARM
		{9CE8C38E-351D-4C5B-8C00-CFC733806E66}.Debug|ARM.Build.0 = Debug|ARM
		{9CE8C38E-351D-4C5B-8C00-CFC733806E66}.Debug|ARM.Deploy.0 = Debug|ARM
		{9CE8C38E-351D-4C5B-8C00-CFC733806E66}.Debug|iPhone.ActiveCfg = Debug|x86
		{9CE8C38E-351D-4C5B-8C00-CFC733806E66}.Debug|iPhoneSimulator.ActiveCfg = Debug|x86
		{9CE8C38E-351D-4C5B-8C00-CFC733806E66}.Debug|x64.ActiveCfg = Debug|x64
		{9CE8C38E-351D-4C5B-8C00-CFC733806E66}.Debug|x64.Build.0 = Debug|x64
		{9CE8C38E-351D-4C5B-8C00-CFC733806E66}.Debug|x64.Deploy.0 = Debug|x64
		{9CE8C38E-351D-4C5B-8C00-CFC733806E66}.Debug|x86.ActiveCfg = Debug|x86
		{9CE8C38E-351D-4C5B-8C00-CFC733806E66}.Debug|x86.Build.0 = Debug|x86
		{9CE8C38E-351D-4C5B-8C00-CFC733806E66}.Debug|x86.Deploy.0 = Debug|x86
		{9CE8C38E-351D-4C5B-8C00-CFC733806E66}.Release|Any CPU.ActiveCfg = Release|x86
		{9CE8C38E-351D-4C5B-8C00-CFC733806E66}.Release|ARM.ActiveCfg = Release|ARM
		{9CE8C38E-351D-4C5B-8C00-CFC733806E66}.Release|ARM.Build.0 = Release|ARM
		{9CE8C38E-351D-4C5B-8C00-CFC733806E66}.Release|ARM.Deploy.0 = Release|ARM
		{9CE8C38E-351D-4C5B-8C00-CFC733806E66}.Release|iPhone.ActiveCfg = Release|x86
		{9CE8C38E-351D-4C5B-8C00-CFC733806E66}.Release|iPhoneSimulator.ActiveCfg = Release|x86
		{9CE8C38E-351D-4C5B-8C00-CFC733806E66}.Release|x64.ActiveCfg = Release|x64
		{9CE8C38E-351D-4C5B-8C00-CFC733806E66}.Release|x64.Build.0 = Release|x64
		{9CE8C38E-351D-4C5B-8C00-CFC733806E66}.Release|x64.Deploy.0 = Release|x64
		{9CE8C38E-351D-4C5B-8C00-CFC733806E66}.Release|x86.ActiveCfg = Release|x86
		{9CE8C38E-351D-4C5B-8C00-CFC733806E66}.Release|x86.Build.0 = Release|x86
		{9CE8C38E-351D-4C5B-8C00-CFC733806E66}.Release|x86.Deploy.0 = Release|x86
		{0016861B-C897-4D08-A78D-A744043153BB}.Debug|Any CPU.ActiveCfg = Debug|Any CPU
		{0016861B-C897-4D08-A78D-A744043153BB}.Debug|Any CPU.Build.0 = Debug|Any CPU
		{0016861B-C897-4D08-A78D-A744043153BB}.Debug|Any CPU.Deploy.0 = Debug|Any CPU
		{0016861B-C897-4D08-A78D-A744043153BB}.Debug|ARM.ActiveCfg = Debug|Any CPU
		{0016861B-C897-4D08-A78D-A744043153BB}.Debug|ARM.Build.0 = Debug|Any CPU
		{0016861B-C897-4D08-A78D-A744043153BB}.Debug|ARM.Deploy.0 = Debug|Any CPU
		{0016861B-C897-4D08-A78D-A744043153BB}.Debug|iPhone.ActiveCfg = Debug|Any CPU
		{0016861B-C897-4D08-A78D-A744043153BB}.Debug|iPhone.Build.0 = Debug|Any CPU
		{0016861B-C897-4D08-A78D-A744043153BB}.Debug|iPhone.Deploy.0 = Debug|Any CPU
		{0016861B-C897-4D08-A78D-A744043153BB}.Debug|iPhoneSimulator.ActiveCfg = Debug|Any CPU
		{0016861B-C897-4D08-A78D-A744043153BB}.Debug|iPhoneSimulator.Build.0 = Debug|Any CPU
		{0016861B-C897-4D08-A78D-A744043153BB}.Debug|iPhoneSimulator.Deploy.0 = Debug|Any CPU
		{0016861B-C897-4D08-A78D-A744043153BB}.Debug|x64.ActiveCfg = Debug|Any CPU
		{0016861B-C897-4D08-A78D-A744043153BB}.Debug|x64.Build.0 = Debug|Any CPU
		{0016861B-C897-4D08-A78D-A744043153BB}.Debug|x64.Deploy.0 = Debug|Any CPU
		{0016861B-C897-4D08-A78D-A744043153BB}.Debug|x86.ActiveCfg = Debug|Any CPU
		{0016861B-C897-4D08-A78D-A744043153BB}.Debug|x86.Build.0 = Debug|Any CPU
		{0016861B-C897-4D08-A78D-A744043153BB}.Debug|x86.Deploy.0 = Debug|Any CPU
		{0016861B-C897-4D08-A78D-A744043153BB}.Release|Any CPU.ActiveCfg = Release|Any CPU
		{0016861B-C897-4D08-A78D-A744043153BB}.Release|Any CPU.Build.0 = Release|Any CPU
		{0016861B-C897-4D08-A78D-A744043153BB}.Release|Any CPU.Deploy.0 = Release|Any CPU
		{0016861B-C897-4D08-A78D-A744043153BB}.Release|ARM.ActiveCfg = Release|Any CPU
		{0016861B-C897-4D08-A78D-A744043153BB}.Release|ARM.Build.0 = Release|Any CPU
		{0016861B-C897-4D08-A78D-A744043153BB}.Release|ARM.Deploy.0 = Release|Any CPU
		{0016861B-C897-4D08-A78D-A744043153BB}.Release|iPhone.ActiveCfg = Release|Any CPU
		{0016861B-C897-4D08-A78D-A744043153BB}.Release|iPhone.Build.0 = Release|Any CPU
		{0016861B-C897-4D08-A78D-A744043153BB}.Release|iPhone.Deploy.0 = Release|Any CPU
		{0016861B-C897-4D08-A78D-A744043153BB}.Release|iPhoneSimulator.ActiveCfg = Release|Any CPU
		{0016861B-C897-4D08-A78D-A744043153BB}.Release|iPhoneSimulator.Build.0 = Release|Any CPU
		{0016861B-C897-4D08-A78D-A744043153BB}.Release|iPhoneSimulator.Deploy.0 = Release|Any CPU
		{0016861B-C897-4D08-A78D-A744043153BB}.Release|x64.ActiveCfg = Release|Any CPU
		{0016861B-C897-4D08-A78D-A744043153BB}.Release|x64.Build.0 = Release|Any CPU
		{0016861B-C897-4D08-A78D-A744043153BB}.Release|x64.Deploy.0 = Release|Any CPU
		{0016861B-C897-4D08-A78D-A744043153BB}.Release|x86.ActiveCfg = Release|Any CPU
		{0016861B-C897-4D08-A78D-A744043153BB}.Release|x86.Build.0 = Release|Any CPU
		{0016861B-C897-4D08-A78D-A744043153BB}.Release|x86.Deploy.0 = Release|Any CPU
		{06BBAC51-B875-4A7E-BF1A-27B6835499BF}.Debug|Any CPU.ActiveCfg = Debug|Any CPU
		{06BBAC51-B875-4A7E-BF1A-27B6835499BF}.Debug|Any CPU.Build.0 = Debug|Any CPU
		{06BBAC51-B875-4A7E-BF1A-27B6835499BF}.Debug|ARM.ActiveCfg = Debug|Any CPU
		{06BBAC51-B875-4A7E-BF1A-27B6835499BF}.Debug|ARM.Build.0 = Debug|Any CPU
		{06BBAC51-B875-4A7E-BF1A-27B6835499BF}.Debug|iPhone.ActiveCfg = Debug|Any CPU
		{06BBAC51-B875-4A7E-BF1A-27B6835499BF}.Debug|iPhone.Build.0 = Debug|Any CPU
		{06BBAC51-B875-4A7E-BF1A-27B6835499BF}.Debug|iPhoneSimulator.ActiveCfg = Debug|Any CPU
		{06BBAC51-B875-4A7E-BF1A-27B6835499BF}.Debug|iPhoneSimulator.Build.0 = Debug|Any CPU
		{06BBAC51-B875-4A7E-BF1A-27B6835499BF}.Debug|x64.ActiveCfg = Debug|Any CPU
		{06BBAC51-B875-4A7E-BF1A-27B6835499BF}.Debug|x64.Build.0 = Debug|Any CPU
		{06BBAC51-B875-4A7E-BF1A-27B6835499BF}.Debug|x86.ActiveCfg = Debug|Any CPU
		{06BBAC51-B875-4A7E-BF1A-27B6835499BF}.Debug|x86.Build.0 = Debug|Any CPU
		{06BBAC51-B875-4A7E-BF1A-27B6835499BF}.Release|Any CPU.ActiveCfg = Release|Any CPU
		{06BBAC51-B875-4A7E-BF1A-27B6835499BF}.Release|Any CPU.Build.0 = Release|Any CPU
		{06BBAC51-B875-4A7E-BF1A-27B6835499BF}.Release|ARM.ActiveCfg = Release|Any CPU
		{06BBAC51-B875-4A7E-BF1A-27B6835499BF}.Release|ARM.Build.0 = Release|Any CPU
		{06BBAC51-B875-4A7E-BF1A-27B6835499BF}.Release|iPhone.ActiveCfg = Release|Any CPU
		{06BBAC51-B875-4A7E-BF1A-27B6835499BF}.Release|iPhone.Build.0 = Release|Any CPU
		{06BBAC51-B875-4A7E-BF1A-27B6835499BF}.Release|iPhoneSimulator.ActiveCfg = Release|Any CPU
		{06BBAC51-B875-4A7E-BF1A-27B6835499BF}.Release|iPhoneSimulator.Build.0 = Release|Any CPU
		{06BBAC51-B875-4A7E-BF1A-27B6835499BF}.Release|x64.ActiveCfg = Release|Any CPU
		{06BBAC51-B875-4A7E-BF1A-27B6835499BF}.Release|x64.Build.0 = Release|Any CPU
		{06BBAC51-B875-4A7E-BF1A-27B6835499BF}.Release|x86.ActiveCfg = Release|Any CPU
		{06BBAC51-B875-4A7E-BF1A-27B6835499BF}.Release|x86.Build.0 = Release|Any CPU
	EndGlobalSection
	GlobalSection(SolutionProperties) = preSolution
		HideSolutionNode = FALSE
	EndGlobalSection
	GlobalSection(NestedProjects) = preSolution
		{DEE2D761-D16A-41FE-88D9-7D933CF2BF5E} = {1839BC0F-0746-4357-9C25-C1BAFC68C00A}
		{9CE8C38E-351D-4C5B-8C00-CFC733806E66} = {1839BC0F-0746-4357-9C25-C1BAFC68C00A}
		{0016861B-C897-4D08-A78D-A744043153BB} = {1839BC0F-0746-4357-9C25-C1BAFC68C00A}
		{06BBAC51-B875-4A7E-BF1A-27B6835499BF} = {1839BC0F-0746-4357-9C25-C1BAFC68C00A}
	EndGlobalSection
	GlobalSection(ExtensibilityGlobals) = postSolution
		SolutionGuid = {CABA7682-8876-424E-B93D-0BA9DEF66FC1}
	EndGlobalSection
EndGlobal
