
Microsoft Visual Studio Solution File, Format Version 12.00
# Visual Studio Version 16
VisualStudioVersion = 16.0.29613.14
MinimumVisualStudioVersion = 10.0.40219.1
Project("{FAE04EC0-301F-11D3-BF4B-00C04F79EFBC}") = "YogaMo.WebAPI", "YogaMo.WebAPI\YogaMo.WebAPI.csproj", "{7BF2C2EC-1388-4D68-8DCE-16B374C3F27C}"
EndProject
Project("{FAE04EC0-301F-11D3-BF4B-00C04F79EFBC}") = "YogaMo.Model", "YogaMo.Model\YogaMo.Model.csproj", "{9465DC46-A370-417A-84D9-D2D8E2BD16F1}"
EndProject
Global
	GlobalSection(SolutionConfigurationPlatforms) = preSolution
		Debug|Any CPU = Debug|Any CPU
		Release|Any CPU = Release|Any CPU
	EndGlobalSection
	GlobalSection(ProjectConfigurationPlatforms) = postSolution
		{7BF2C2EC-1388-4D68-8DCE-16B374C3F27C}.Debug|Any CPU.ActiveCfg = Debug|Any CPU
		{7BF2C2EC-1388-4D68-8DCE-16B374C3F27C}.Debug|Any CPU.Build.0 = Debug|Any CPU
		{7BF2C2EC-1388-4D68-8DCE-16B374C3F27C}.Release|Any CPU.ActiveCfg = Release|Any CPU
		{7BF2C2EC-1388-4D68-8DCE-16B374C3F27C}.Release|Any CPU.Build.0 = Release|Any CPU
		{9465DC46-A370-417A-84D9-D2D8E2BD16F1}.Debug|Any CPU.ActiveCfg = Debug|Any CPU
		{9465DC46-A370-417A-84D9-D2D8E2BD16F1}.Debug|Any CPU.Build.0 = Debug|Any CPU
		{9465DC46-A370-417A-84D9-D2D8E2BD16F1}.Release|Any CPU.ActiveCfg = Release|Any CPU
		{9465DC46-A370-417A-84D9-D2D8E2BD16F1}.Release|Any CPU.Build.0 = Release|Any CPU
	EndGlobalSection
	GlobalSection(SolutionProperties) = preSolution
		HideSolutionNode = FALSE
	EndGlobalSection
	GlobalSection(ExtensibilityGlobals) = postSolution
		SolutionGuid = {3D5C9926-E88F-4C73-ADAE-269821F5B293}
	EndGlobalSection
EndGlobal
